
Microsoft Visual Studio Solution File, Format Version 12.00
# Visual Studio Version 17
VisualStudioVersion = 17.0.32112.339
MinimumVisualStudioVersion = 10.0.40219.1
Project("{FAE04EC0-301F-11D3-BF4B-00C04F79EFBC}") = "WiredBrainCoffeee", "WiredBrainCoffeee\WiredBrainCoffeee.csproj", "{F038E61B-E82B-4A43-B2E7-B4B84993186F}"
EndProject
Global
	GlobalSection(SolutionConfigurationPlatforms) = preSolution
		Debug|Any CPU = Debug|Any CPU
		Release|Any CPU = Release|Any CPU
	EndGlobalSection
	GlobalSection(ProjectConfigurationPlatforms) = postSolution
		{F038E61B-E82B-4A43-B2E7-B4B84993186F}.Debug|Any CPU.ActiveCfg = Debug|Any CPU
		{F038E61B-E82B-4A43-B2E7-B4B84993186F}.Debug|Any CPU.Build.0 = Debug|Any CPU
		{F038E61B-E82B-4A43-B2E7-B4B84993186F}.Release|Any CPU.ActiveCfg = Release|Any CPU
		{F038E61B-E82B-4A43-B2E7-B4B84993186F}.Release|Any CPU.Build.0 = Release|Any CPU
	EndGlobalSection
	GlobalSection(SolutionProperties) = preSolution
		HideSolutionNode = FALSE
	EndGlobalSection
	GlobalSection(ExtensibilityGlobals) = postSolution
		SolutionGuid = {765C5779-7301-4872-9F2B-0E6F35D70C52}
	EndGlobalSection
EndGlobal
